
Microsoft Visual Studio Solution File, Format Version 12.00
# Visual Studio Version 17
VisualStudioVersion = 17.4.33213.308
MinimumVisualStudioVersion = 10.0.40219.1
Project("{9A19103F-16F7-4668-BE54-9A1E7A4F7556}") = "FinancasFacil.API", "src\FinancasFacil.API\FinancasFacil.API.csproj", "{0FFCB5B5-34DD-40A6-BCEC-48B71BEC2975}"
EndProject
Project("{9A19103F-16F7-4668-BE54-9A1E7A4F7556}") = "FinancasFacil.Application", "src\FinancasFacil.Application\FinancasFacil.Application.csproj", "{F45DBB9A-416B-4C9E-81A5-BAA0A0152219}"
EndProject
Project("{9A19103F-16F7-4668-BE54-9A1E7A4F7556}") = "FinancasFacil.Domain", "src\FinancasFacil.Domain\FinancasFacil.Domain.csproj", "{F96073FB-2FA1-41E1-BCB7-65AFBE1EF6A7}"
EndProject
Project("{9A19103F-16F7-4668-BE54-9A1E7A4F7556}") = "FinancasFacil.Repository", "src\FinancasFacil.Repository\FinancasFacil.Repository.csproj", "{A129B72E-63AF-41AF-96C2-64E8D492D107}"
EndProject
Project("{FAE04EC0-301F-11D3-BF4B-00C04F79EFBC}") = "FinancasFacil.IoC", "src\FinancasFacil.IoC\FinancasFacil.IoC.csproj", "{F7E9ED93-7D6E-4CB4-A97C-7B0FE1EA73FF}"
EndProject
Global
	GlobalSection(SolutionConfigurationPlatforms) = preSolution
		Debug|Any CPU = Debug|Any CPU
		Release|Any CPU = Release|Any CPU
	EndGlobalSection
	GlobalSection(ProjectConfigurationPlatforms) = postSolution
		{0FFCB5B5-34DD-40A6-BCEC-48B71BEC2975}.Debug|Any CPU.ActiveCfg = Debug|Any CPU
		{0FFCB5B5-34DD-40A6-BCEC-48B71BEC2975}.Debug|Any CPU.Build.0 = Debug|Any CPU
		{0FFCB5B5-34DD-40A6-BCEC-48B71BEC2975}.Release|Any CPU.ActiveCfg = Release|Any CPU
		{0FFCB5B5-34DD-40A6-BCEC-48B71BEC2975}.Release|Any CPU.Build.0 = Release|Any CPU
		{F45DBB9A-416B-4C9E-81A5-BAA0A0152219}.Debug|Any CPU.ActiveCfg = Debug|Any CPU
		{F45DBB9A-416B-4C9E-81A5-BAA0A0152219}.Debug|Any CPU.Build.0 = Debug|Any CPU
		{F45DBB9A-416B-4C9E-81A5-BAA0A0152219}.Release|Any CPU.ActiveCfg = Release|Any CPU
		{F45DBB9A-416B-4C9E-81A5-BAA0A0152219}.Release|Any CPU.Build.0 = Release|Any CPU
		{F96073FB-2FA1-41E1-BCB7-65AFBE1EF6A7}.Debug|Any CPU.ActiveCfg = Debug|Any CPU
		{F96073FB-2FA1-41E1-BCB7-65AFBE1EF6A7}.Debug|Any CPU.Build.0 = Debug|Any CPU
		{F96073FB-2FA1-41E1-BCB7-65AFBE1EF6A7}.Release|Any CPU.ActiveCfg = Release|Any CPU
		{F96073FB-2FA1-41E1-BCB7-65AFBE1EF6A7}.Release|Any CPU.Build.0 = Release|Any CPU
		{A129B72E-63AF-41AF-96C2-64E8D492D107}.Debug|Any CPU.ActiveCfg = Debug|Any CPU
		{A129B72E-63AF-41AF-96C2-64E8D492D107}.Debug|Any CPU.Build.0 = Debug|Any CPU
		{A129B72E-63AF-41AF-96C2-64E8D492D107}.Release|Any CPU.ActiveCfg = Release|Any CPU
		{A129B72E-63AF-41AF-96C2-64E8D492D107}.Release|Any CPU.Build.0 = Release|Any CPU
		{F7E9ED93-7D6E-4CB4-A97C-7B0FE1EA73FF}.Debug|Any CPU.ActiveCfg = Debug|Any CPU
		{F7E9ED93-7D6E-4CB4-A97C-7B0FE1EA73FF}.Debug|Any CPU.Build.0 = Debug|Any CPU
		{F7E9ED93-7D6E-4CB4-A97C-7B0FE1EA73FF}.Release|Any CPU.ActiveCfg = Release|Any CPU
		{F7E9ED93-7D6E-4CB4-A97C-7B0FE1EA73FF}.Release|Any CPU.Build.0 = Release|Any CPU
	EndGlobalSection
	GlobalSection(SolutionProperties) = preSolution
		HideSolutionNode = FALSE
	EndGlobalSection
	GlobalSection(ExtensibilityGlobals) = postSolution
		SolutionGuid = {A0F43F1A-74EE-4D97-81DD-2BFB0CF62FFA}
	EndGlobalSection
EndGlobal
